
Microsoft Visual Studio Solution File, Format Version 12.00
# Visual Studio Version 16
VisualStudioVersion = 16.0.34301.259
MinimumVisualStudioVersion = 10.0.40219.1
Project("{FAE04EC0-301F-11D3-BF4B-00C04F79EFBC}") = "soha_f6269", "soha_f6269.csproj", "{B001BAA2-310C-48BE-AD97-6AC1D509D354}"
EndProject
Global
	GlobalSection(SolutionConfigurationPlatforms) = preSolution
		Debug|Any CPU = Debug|Any CPU
		Release|Any CPU = Release|Any CPU
	EndGlobalSection
	GlobalSection(ProjectConfigurationPlatforms) = postSolution
		{B001BAA2-310C-48BE-AD97-6AC1D509D354}.Debug|Any CPU.ActiveCfg = Debug|Any CPU
		{B001BAA2-310C-48BE-AD97-6AC1D509D354}.Debug|Any CPU.Build.0 = Debug|Any CPU
		{B001BAA2-310C-48BE-AD97-6AC1D509D354}.Release|Any CPU.ActiveCfg = Release|Any CPU
		{B001BAA2-310C-48BE-AD97-6AC1D509D354}.Release|Any CPU.Build.0 = Release|Any CPU
	EndGlobalSection
	GlobalSection(SolutionProperties) = preSolution
		HideSolutionNode = FALSE
	EndGlobalSection
	GlobalSection(ExtensibilityGlobals) = postSolution
		SolutionGuid = {9C0A052B-5F9F-4B8C-85F5-CA683666E463}
	EndGlobalSection
EndGlobal
